{
  "requires": true,
  "lockfileVersion": 1,
  "dependencies": {
    "markdown-parser2": {
      "version": "0.0.9",
      "resolved": "https://registry.npmjs.org/markdown-parser2/-/markdown-parser2-0.0.9.tgz",
      "integrity": "sha512-vQNfKSjbL+pft2ihot0cjKRIqpIUbGY0jNgY6nLkFBrDVT91s2IuFbsjvVkG57X5VgyRSUZQIs++DxIfC18EJA=="
    }
  }
}
